
Microsoft Visual Studio Solution File, Format Version 12.00
# Visual Studio Version 16
VisualStudioVersion = 16.0.30907.101
MinimumVisualStudioVersion = 10.0.40219.1
Project("{FAE04EC0-301F-11D3-BF4B-00C04F79EFBC}") = "ComparacaoVetInt", "ComparacaoVetInt\ComparacaoVetInt.csproj", "{0E1A249B-D640-4BBD-B2D6-D5A268DC55E8}"
EndProject
Global
	GlobalSection(SolutionConfigurationPlatforms) = preSolution
		Debug|Any CPU = Debug|Any CPU
		Release|Any CPU = Release|Any CPU
	EndGlobalSection
	GlobalSection(ProjectConfigurationPlatforms) = postSolution
		{0E1A249B-D640-4BBD-B2D6-D5A268DC55E8}.Debug|Any CPU.ActiveCfg = Debug|Any CPU
		{0E1A249B-D640-4BBD-B2D6-D5A268DC55E8}.Debug|Any CPU.Build.0 = Debug|Any CPU
		{0E1A249B-D640-4BBD-B2D6-D5A268DC55E8}.Release|Any CPU.ActiveCfg = Release|Any CPU
		{0E1A249B-D640-4BBD-B2D6-D5A268DC55E8}.Release|Any CPU.Build.0 = Release|Any CPU
	EndGlobalSection
	GlobalSection(SolutionProperties) = preSolution
		HideSolutionNode = FALSE
	EndGlobalSection
	GlobalSection(ExtensibilityGlobals) = postSolution
		SolutionGuid = {DC09183A-06EC-49FF-934D-57D795582E89}
	EndGlobalSection
EndGlobal
