
Microsoft Visual Studio Solution File, Format Version 12.00
# Visual Studio Version 16
VisualStudioVersion = 16.0.30907.101
MinimumVisualStudioVersion = 10.0.40219.1
Project("{FAE04EC0-301F-11D3-BF4B-00C04F79EFBC}") = "CalculadoraPrimo", "CalculadoraPrimo\CalculadoraPrimo.csproj", "{9D2783D5-AF55-475D-9ED9-046B5A764344}"
EndProject
Global
	GlobalSection(SolutionConfigurationPlatforms) = preSolution
		Debug|Any CPU = Debug|Any CPU
		Release|Any CPU = Release|Any CPU
	EndGlobalSection
	GlobalSection(ProjectConfigurationPlatforms) = postSolution
		{9D2783D5-AF55-475D-9ED9-046B5A764344}.Debug|Any CPU.ActiveCfg = Debug|Any CPU
		{9D2783D5-AF55-475D-9ED9-046B5A764344}.Debug|Any CPU.Build.0 = Debug|Any CPU
		{9D2783D5-AF55-475D-9ED9-046B5A764344}.Release|Any CPU.ActiveCfg = Release|Any CPU
		{9D2783D5-AF55-475D-9ED9-046B5A764344}.Release|Any CPU.Build.0 = Release|Any CPU
	EndGlobalSection
	GlobalSection(SolutionProperties) = preSolution
		HideSolutionNode = FALSE
	EndGlobalSection
	GlobalSection(ExtensibilityGlobals) = postSolution
		SolutionGuid = {5A13CE2D-FDE6-4855-AA55-DD8F61EFB803}
	EndGlobalSection
EndGlobal
