
Microsoft Visual Studio Solution File, Format Version 12.00
# Visual Studio Version 16
VisualStudioVersion = 16.0.30907.101
MinimumVisualStudioVersion = 10.0.40219.1
Project("{FAE04EC0-301F-11D3-BF4B-00C04F79EFBC}") = "ArrayVirgula", "ArrayVirgula\ArrayVirgula.csproj", "{31E8E7C9-F805-4F92-B6DB-28A30E0FC340}"
EndProject
Global
	GlobalSection(SolutionConfigurationPlatforms) = preSolution
		Debug|Any CPU = Debug|Any CPU
		Release|Any CPU = Release|Any CPU
	EndGlobalSection
	GlobalSection(ProjectConfigurationPlatforms) = postSolution
		{31E8E7C9-F805-4F92-B6DB-28A30E0FC340}.Debug|Any CPU.ActiveCfg = Debug|Any CPU
		{31E8E7C9-F805-4F92-B6DB-28A30E0FC340}.Debug|Any CPU.Build.0 = Debug|Any CPU
		{31E8E7C9-F805-4F92-B6DB-28A30E0FC340}.Release|Any CPU.ActiveCfg = Release|Any CPU
		{31E8E7C9-F805-4F92-B6DB-28A30E0FC340}.Release|Any CPU.Build.0 = Release|Any CPU
	EndGlobalSection
	GlobalSection(SolutionProperties) = preSolution
		HideSolutionNode = FALSE
	EndGlobalSection
	GlobalSection(ExtensibilityGlobals) = postSolution
		SolutionGuid = {03128ED2-2653-4138-9762-53694C045973}
	EndGlobalSection
EndGlobal
